
Microsoft Visual Studio Solution File, Format Version 12.00
# Visual Studio Version 17
VisualStudioVersion = 17.6.33801.468
MinimumVisualStudioVersion = 10.0.40219.1
Project("{FAE04EC0-301F-11D3-BF4B-00C04F79EFBC}") = "SocialNetwork", "SocialNetwork\SocialNetwork.csproj", "{BF478996-E79C-4C36-A140-A355F9D46A98}"
EndProject
Global
	GlobalSection(SolutionConfigurationPlatforms) = preSolution
		Debug|Any CPU = Debug|Any CPU
		Release|Any CPU = Release|Any CPU
	EndGlobalSection
	GlobalSection(ProjectConfigurationPlatforms) = postSolution
		{BF478996-E79C-4C36-A140-A355F9D46A98}.Debug|Any CPU.ActiveCfg = Debug|Any CPU
		{BF478996-E79C-4C36-A140-A355F9D46A98}.Debug|Any CPU.Build.0 = Debug|Any CPU
		{BF478996-E79C-4C36-A140-A355F9D46A98}.Release|Any CPU.ActiveCfg = Release|Any CPU
		{BF478996-E79C-4C36-A140-A355F9D46A98}.Release|Any CPU.Build.0 = Release|Any CPU
	EndGlobalSection
	GlobalSection(SolutionProperties) = preSolution
		HideSolutionNode = FALSE
	EndGlobalSection
	GlobalSection(ExtensibilityGlobals) = postSolution
		SolutionGuid = {90F1C139-07FB-4510-8D58-563647770EFE}
	EndGlobalSection
EndGlobal
