
Microsoft Visual Studio Solution File, Format Version 12.00
# Visual Studio Version 17
VisualStudioVersion = 17.6.33801.468
MinimumVisualStudioVersion = 10.0.40219.1
Project("{9A19103F-16F7-4668-BE54-9A1E7A4F7556}") = "Domain", "Domain\Domain.csproj", "{62D34894-5BF6-4417-826A-0D96932546DC}"
EndProject
Project("{9A19103F-16F7-4668-BE54-9A1E7A4F7556}") = "Application", "Application\Application.csproj", "{A8CA97C7-E081-4124-82C8-AA3D39D12D8C}"
EndProject
Project("{9A19103F-16F7-4668-BE54-9A1E7A4F7556}") = "Infrastructure", "Infrastructure\Infrastructure.csproj", "{E1E03465-6D8F-4224-8DD5-5389E493AAB8}"
EndProject
Project("{2150E333-8FDC-42A3-9474-1A3956D46DE8}") = "tests", "tests", "{416A12FC-8766-4260-9F40-C72AF0E19FEB}"
EndProject
Project("{9A19103F-16F7-4668-BE54-9A1E7A4F7556}") = "UIApp", "UIApp\UIApp.csproj", "{908FEAB5-4422-4FD0-A636-085D032C60D5}"
EndProject
Project("{9A19103F-16F7-4668-BE54-9A1E7A4F7556}") = "SocialNetworkApi", "SocialNetworkApi\SocialNetworkApi.csproj", "{786EB524-3864-41EA-ACB9-7FCB3B1ABBD3}"
EndProject
Project("{9A19103F-16F7-4668-BE54-9A1E7A4F7556}") = "AuthApi", "AuthApi\AuthApi.csproj", "{FA9E0BD9-2B95-4447-A275-984B8799DA11}"
EndProject
Project("{2150E333-8FDC-42A3-9474-1A3956D46DE8}") = "Элементы решения", "Элементы решения", "{0A761BC1-89C6-4EA9-AC3F-C21E5DC2939E}"
	ProjectSection(SolutionItems) = preProject
		.env = .env
		docker-compose.apps.yml = docker-compose.apps.yml
		docker-compose.balancers.yml = docker-compose.balancers.yml
		docker-compose.services.yml = docker-compose.services.yml
	EndProjectSection
EndProject
Global
	GlobalSection(SolutionConfigurationPlatforms) = preSolution
		Debug|Any CPU = Debug|Any CPU
		Release|Any CPU = Release|Any CPU
	EndGlobalSection
	GlobalSection(ProjectConfigurationPlatforms) = postSolution
		{62D34894-5BF6-4417-826A-0D96932546DC}.Debug|Any CPU.ActiveCfg = Debug|Any CPU
		{62D34894-5BF6-4417-826A-0D96932546DC}.Debug|Any CPU.Build.0 = Debug|Any CPU
		{62D34894-5BF6-4417-826A-0D96932546DC}.Release|Any CPU.ActiveCfg = Release|Any CPU
		{62D34894-5BF6-4417-826A-0D96932546DC}.Release|Any CPU.Build.0 = Release|Any CPU
		{A8CA97C7-E081-4124-82C8-AA3D39D12D8C}.Debug|Any CPU.ActiveCfg = Debug|Any CPU
		{A8CA97C7-E081-4124-82C8-AA3D39D12D8C}.Debug|Any CPU.Build.0 = Debug|Any CPU
		{A8CA97C7-E081-4124-82C8-AA3D39D12D8C}.Release|Any CPU.ActiveCfg = Release|Any CPU
		{A8CA97C7-E081-4124-82C8-AA3D39D12D8C}.Release|Any CPU.Build.0 = Release|Any CPU
		{E1E03465-6D8F-4224-8DD5-5389E493AAB8}.Debug|Any CPU.ActiveCfg = Debug|Any CPU
		{E1E03465-6D8F-4224-8DD5-5389E493AAB8}.Debug|Any CPU.Build.0 = Debug|Any CPU
		{E1E03465-6D8F-4224-8DD5-5389E493AAB8}.Release|Any CPU.ActiveCfg = Release|Any CPU
		{E1E03465-6D8F-4224-8DD5-5389E493AAB8}.Release|Any CPU.Build.0 = Release|Any CPU
		{908FEAB5-4422-4FD0-A636-085D032C60D5}.Debug|Any CPU.ActiveCfg = Debug|Any CPU
		{908FEAB5-4422-4FD0-A636-085D032C60D5}.Debug|Any CPU.Build.0 = Debug|Any CPU
		{908FEAB5-4422-4FD0-A636-085D032C60D5}.Release|Any CPU.ActiveCfg = Release|Any CPU
		{908FEAB5-4422-4FD0-A636-085D032C60D5}.Release|Any CPU.Build.0 = Release|Any CPU
		{786EB524-3864-41EA-ACB9-7FCB3B1ABBD3}.Debug|Any CPU.ActiveCfg = Debug|Any CPU
		{786EB524-3864-41EA-ACB9-7FCB3B1ABBD3}.Debug|Any CPU.Build.0 = Debug|Any CPU
		{786EB524-3864-41EA-ACB9-7FCB3B1ABBD3}.Release|Any CPU.ActiveCfg = Release|Any CPU
		{786EB524-3864-41EA-ACB9-7FCB3B1ABBD3}.Release|Any CPU.Build.0 = Release|Any CPU
		{FA9E0BD9-2B95-4447-A275-984B8799DA11}.Debug|Any CPU.ActiveCfg = Debug|Any CPU
		{FA9E0BD9-2B95-4447-A275-984B8799DA11}.Debug|Any CPU.Build.0 = Debug|Any CPU
		{FA9E0BD9-2B95-4447-A275-984B8799DA11}.Release|Any CPU.ActiveCfg = Release|Any CPU
		{FA9E0BD9-2B95-4447-A275-984B8799DA11}.Release|Any CPU.Build.0 = Release|Any CPU
	EndGlobalSection
	GlobalSection(SolutionProperties) = preSolution
		HideSolutionNode = FALSE
	EndGlobalSection
	GlobalSection(ExtensibilityGlobals) = postSolution
		SolutionGuid = {90F1C139-07FB-4510-8D58-563647770EFE}
	EndGlobalSection
EndGlobal
